
Microsoft Visual Studio Solution File, Format Version 12.00
# Visual Studio Version 16
VisualStudioVersion = 16.0.31829.152
MinimumVisualStudioVersion = 10.0.40219.1
Project("{FAE04EC0-301F-11D3-BF4B-00C04F79EFBC}") = "SmartApartmentData.API", "SmartApartmentData\SmartApartmentData.API.csproj", "{3638E7E9-EEA5-4442-88A1-75A7AD600DC1}"
EndProject
Project("{FAE04EC0-301F-11D3-BF4B-00C04F79EFBC}") = "SmartApartmentData.Entities", "SmartApartmentData.Entities\SmartApartmentData.Entities.csproj", "{4304C972-D7F0-45ED-A380-E1C91E8518D0}"
EndProject
Project("{FAE04EC0-301F-11D3-BF4B-00C04F79EFBC}") = "SmartApartmentData.Business", "SmartApartmentData.Business\SmartApartmentData.Business.csproj", "{1CA99602-465F-4453-98B1-69D128EFC51E}"
EndProject
Project("{FAE04EC0-301F-11D3-BF4B-00C04F79EFBC}") = "SmartApartmentData.Web", "SmartApartmentData.Web\SmartApartmentData.Web.csproj", "{D9B4BE77-56D8-44F9-9D27-FACB5C624801}"
EndProject
Project("{FAE04EC0-301F-11D3-BF4B-00C04F79EFBC}") = "SmartApartmentData.UnitTests", "SmartApartmentData.UnitTests\SmartApartmentData.UnitTests.csproj", "{2315101F-EB60-4CBD-9419-99DCAD7D1057}"
EndProject
Project("{FAE04EC0-301F-11D3-BF4B-00C04F79EFBC}") = "SmartApartmentData.Upload", "SmartApartmentData.Upload\SmartApartmentData.Upload.csproj", "{54DEF2D4-A17D-4A45-8002-8235B2D262CB}"
EndProject
Global
	GlobalSection(SolutionConfigurationPlatforms) = preSolution
		Debug|Any CPU = Debug|Any CPU
		Release|Any CPU = Release|Any CPU
	EndGlobalSection
	GlobalSection(ProjectConfigurationPlatforms) = postSolution
		{3638E7E9-EEA5-4442-88A1-75A7AD600DC1}.Debug|Any CPU.ActiveCfg = Debug|Any CPU
		{3638E7E9-EEA5-4442-88A1-75A7AD600DC1}.Debug|Any CPU.Build.0 = Debug|Any CPU
		{3638E7E9-EEA5-4442-88A1-75A7AD600DC1}.Release|Any CPU.ActiveCfg = Release|Any CPU
		{3638E7E9-EEA5-4442-88A1-75A7AD600DC1}.Release|Any CPU.Build.0 = Release|Any CPU
		{4304C972-D7F0-45ED-A380-E1C91E8518D0}.Debug|Any CPU.ActiveCfg = Debug|Any CPU
		{4304C972-D7F0-45ED-A380-E1C91E8518D0}.Debug|Any CPU.Build.0 = Debug|Any CPU
		{4304C972-D7F0-45ED-A380-E1C91E8518D0}.Release|Any CPU.ActiveCfg = Release|Any CPU
		{4304C972-D7F0-45ED-A380-E1C91E8518D0}.Release|Any CPU.Build.0 = Release|Any CPU
		{1CA99602-465F-4453-98B1-69D128EFC51E}.Debug|Any CPU.ActiveCfg = Debug|Any CPU
		{1CA99602-465F-4453-98B1-69D128EFC51E}.Debug|Any CPU.Build.0 = Debug|Any CPU
		{1CA99602-465F-4453-98B1-69D128EFC51E}.Release|Any CPU.ActiveCfg = Release|Any CPU
		{1CA99602-465F-4453-98B1-69D128EFC51E}.Release|Any CPU.Build.0 = Release|Any CPU
		{D9B4BE77-56D8-44F9-9D27-FACB5C624801}.Debug|Any CPU.ActiveCfg = Debug|Any CPU
		{D9B4BE77-56D8-44F9-9D27-FACB5C624801}.Debug|Any CPU.Build.0 = Debug|Any CPU
		{D9B4BE77-56D8-44F9-9D27-FACB5C624801}.Release|Any CPU.ActiveCfg = Release|Any CPU
		{D9B4BE77-56D8-44F9-9D27-FACB5C624801}.Release|Any CPU.Build.0 = Release|Any CPU
		{2315101F-EB60-4CBD-9419-99DCAD7D1057}.Debug|Any CPU.ActiveCfg = Debug|Any CPU
		{2315101F-EB60-4CBD-9419-99DCAD7D1057}.Debug|Any CPU.Build.0 = Debug|Any CPU
		{2315101F-EB60-4CBD-9419-99DCAD7D1057}.Release|Any CPU.ActiveCfg = Release|Any CPU
		{2315101F-EB60-4CBD-9419-99DCAD7D1057}.Release|Any CPU.Build.0 = Release|Any CPU
		{54DEF2D4-A17D-4A45-8002-8235B2D262CB}.Debug|Any CPU.ActiveCfg = Debug|Any CPU
		{54DEF2D4-A17D-4A45-8002-8235B2D262CB}.Debug|Any CPU.Build.0 = Debug|Any CPU
		{54DEF2D4-A17D-4A45-8002-8235B2D262CB}.Release|Any CPU.ActiveCfg = Release|Any CPU
		{54DEF2D4-A17D-4A45-8002-8235B2D262CB}.Release|Any CPU.Build.0 = Release|Any CPU
	EndGlobalSection
	GlobalSection(SolutionProperties) = preSolution
		HideSolutionNode = FALSE
	EndGlobalSection
	GlobalSection(ExtensibilityGlobals) = postSolution
		SolutionGuid = {827A75A8-6E3E-407D-9A5B-D6CB541F337F}
	EndGlobalSection
EndGlobal
